{
  "version": 1,
  "dependencies": {
    "net8.0-windows7.0": {
      "DalamudPackager": {
        "type": "Direct",
        "requested": "[2.1.12, )",
        "resolved": "2.1.12",
        "contentHash": "Sc0PVxvgg4NQjcI8n10/VfUQBAS4O+Fw2pZrAqBdRMbthYGeogzu5+xmIGCGmsEZ/ukMOBuAqiNiB5qA3MRalg=="
      },
      "Microsoft.AspNetCore.SignalR.Client": {
        "type": "Direct",
        "requested": "[8.0.4, )",
        "resolved": "8.0.4",
        "contentHash": "HPM5/ifdz4PvK6W3t7CNHgV69MPPrS75tLD9HUYFRlwGmvbVPYbsgES2b7wmnvZEsaGlEBNOdw//xU1jK4FM0w==",
        "dependencies": {
          "Microsoft.AspNetCore.Http.Connections.Client": "8.0.4",
          "Microsoft.AspNetCore.SignalR.Client.Core": "8.0.4"
        }
      },
      "NUnit": {
        "type": "Direct",
        "requested": "[4.1.0, )",
        "resolved": "4.1.0",
        "contentHash": "MT/DpAhjtiytzhTgTqIhBuWx4y26PKfDepYUHUM+5uv4TsryHC2jwFo5e6NhWkApCm/G6kZ80dRjdJFuAxq3rg=="
      },
      "XivCommon": {
        "type": "Direct",
        "requested": "[9.0.0, )",
        "resolved": "9.0.0",
        "contentHash": "avaBp3FmSCi/PiQhntCeBDYOHejdyTWmFtz4pRBVQQ8vHkmRx+YTk1la9dkYBMlXxRXKckEdH1iI1Fu61JlE7w=="
      },
      "Microsoft.AspNetCore.Connections.Abstractions": {
        "type": "Transitive",
        "resolved": "8.0.4",
        "contentHash": "pvO0JgjrNOas+WzmHxqawTv64lwTy1zbGm4WQY7OOd/OfKMw8LaoNEtn9jsAfiKUkt3lYK8kOL8Uy9XyyTCUwg==",
        "dependencies": {
          "Microsoft.Extensions.Features": "8.0.4",
          "System.IO.Pipelines": "8.0.0"
        }
      },
      "Microsoft.AspNetCore.Http.Connections.Client": {
        "type": "Transitive",
        "resolved": "8.0.4",
        "contentHash": "Tl9Hf+ftWZeKDGJpQOMwDgev7EXiiqk71NvoGDNhAYhYJMpoyf4591aINACAPSZ3zWNs4cqKIm8YQ5eG1slf5Q==",
        "dependencies": {
          "Microsoft.AspNetCore.Http.Connections.Common": "8.0.4",
          "Microsoft.Extensions.Logging.Abstractions": "8.0.1",
          "Microsoft.Extensions.Options": "8.0.2"
        }
      },
      "Microsoft.AspNetCore.Http.Connections.Common": {
        "type": "Transitive",
        "resolved": "8.0.4",
        "contentHash": "SG02A6/ZET3sCW/PiJumg3q4yZdBZeMetdy/ebS4ZcmFPr+yI9sSmLAw9MHZVNNxxBWM5VuLg463YwlXoxhJHQ==",
        "dependencies": {
          "Microsoft.AspNetCore.Connections.Abstractions": "8.0.4"
        }
      },
      "Microsoft.AspNetCore.SignalR.Client.Core": {
        "type": "Transitive",
        "resolved": "8.0.4",
        "contentHash": "w8eaEHS6Qn0VALv3G7EuLg/i5WInxt2Jps4IbvB0u61l9GaTAOGw0Xx1G+0UJgWwd2RZoaJXqMr748TuSpxm6g==",
        "dependencies": {
          "Microsoft.AspNetCore.SignalR.Common": "8.0.4",
          "Microsoft.AspNetCore.SignalR.Protocols.Json": "8.0.4",
          "Microsoft.Extensions.DependencyInjection": "8.0.0",
          "Microsoft.Extensions.Logging": "8.0.0",
          "System.Threading.Channels": "8.0.0"
        }
      },
      "Microsoft.AspNetCore.SignalR.Common": {
        "type": "Transitive",
        "resolved": "8.0.4",
        "contentHash": "vsoXzcAibrem3/qWSpZ9Q/Wc/4UpFdXtsNTBMAmltnQPGR07qa7Pzgrc7K9pT/gEkFR5DkFKkEOzgCkNBDUE+g==",
        "dependencies": {
          "Microsoft.AspNetCore.Connections.Abstractions": "8.0.4",
          "Microsoft.Extensions.Options": "8.0.2"
        }
      },
      "Microsoft.AspNetCore.SignalR.Protocols.Json": {
        "type": "Transitive",
        "resolved": "8.0.4",
        "contentHash": "9X4TnAZTGMVzH7DghV7AWXX5r8UO7RpSJAPxfd9lTu3GChEyUpppKIJMaOKpseplnlRxOedve8UPdjx5ks06vA==",
        "dependencies": {
          "Microsoft.AspNetCore.SignalR.Common": "8.0.4"
        }
      },
      "Microsoft.Extensions.DependencyInjection": {
        "type": "Transitive",
        "resolved": "8.0.0",
        "contentHash": "V8S3bsm50ig6JSyrbcJJ8bW2b9QLGouz+G1miK3UTaOWmMtFwNNNzUf4AleyDWUmTrWMLNnFSLEQtxmxgNQnNQ==",
        "dependencies": {
          "Microsoft.Extensions.DependencyInjection.Abstractions": "8.0.0"
        }
      },
      "Microsoft.Extensions.DependencyInjection.Abstractions": {
        "type": "Transitive",
        "resolved": "8.0.1",
        "contentHash": "fGLiCRLMYd00JYpClraLjJTNKLmMJPnqxMaiRzEBIIvevlzxz33mXy39Lkd48hu1G+N21S7QpaO5ZzKsI6FRuA=="
      },
      "Microsoft.Extensions.Features": {
        "type": "Transitive",
        "resolved": "8.0.4",
        "contentHash": "ym56/tUtFHFHucqiyQq42Ha6n1CT3CkrSZmbb3Szfkl/KNEaNqotKXFQMWHlFk2WMvU4fepqUsW8VK5WEjMChA=="
      },
      "Microsoft.Extensions.Logging": {
        "type": "Transitive",
        "resolved": "8.0.0",
        "contentHash": "tvRkov9tAJ3xP51LCv3FJ2zINmv1P8Hi8lhhtcKGqM+ImiTCC84uOPEI4z8Cdq2C3o9e+Aa0Gw0rmrsJD77W+w==",
        "dependencies": {
          "Microsoft.Extensions.DependencyInjection": "8.0.0",
          "Microsoft.Extensions.Logging.Abstractions": "8.0.0",
          "Microsoft.Extensions.Options": "8.0.0"
        }
      },
      "Microsoft.Extensions.Logging.Abstractions": {
        "type": "Transitive",
        "resolved": "8.0.1",
        "contentHash": "RIFgaqoaINxkM2KTOw72dmilDmTrYA0ns2KW4lDz4gZ2+o6IQ894CzmdL3StM2oh7QQq44nCWiqKqc4qUI9Jmg==",
        "dependencies": {
          "Microsoft.Extensions.DependencyInjection.Abstractions": "8.0.1"
        }
      },
      "Microsoft.Extensions.Options": {
        "type": "Transitive",
        "resolved": "8.0.2",
        "contentHash": "dWGKvhFybsaZpGmzkGCbNNwBD1rVlWzrZKANLW/CcbFJpCEceMCGzT7zZwHOGBCbwM0SzBuceMj5HN1LKV1QqA==",
        "dependencies": {
          "Microsoft.Extensions.DependencyInjection.Abstractions": "8.0.0",
          "Microsoft.Extensions.Primitives": "8.0.0"
        }
      },
      "Microsoft.Extensions.Primitives": {
        "type": "Transitive",
        "resolved": "8.0.0",
        "contentHash": "bXJEZrW9ny8vjMF1JV253WeLhpEVzFo1lyaZu1vQ4ZxWUlVvknZ/+ftFgVheLubb4eZPSwwxBeqS1JkCOjxd8g=="
      },
      "System.IO.Pipelines": {
        "type": "Transitive",
        "resolved": "8.0.0",
        "contentHash": "FHNOatmUq0sqJOkTx+UF/9YK1f180cnW5FVqnQMvYUN0elp6wFzbtPSiqbo1/ru8ICp43JM1i7kKkk6GsNGHlA=="
      },
      "System.Threading.Channels": {
        "type": "Transitive",
        "resolved": "8.0.0",
        "contentHash": "CMaFr7v+57RW7uZfZkPExsPB6ljwzhjACWW1gfU35Y56rk72B/Wu+sTqxVmGSk4SFUlPc3cjeKND0zktziyjBA=="
      },
      "aetherremotecommon": {
        "type": "Project"
      },
      "glamourer.api": {
        "type": "Project"
      }
    }
  }
}